
Microsoft Visual Studio Solution File, Format Version 12.00
# Visual Studio 14
VisualStudioVersion = 14.0.25123.0
MinimumVisualStudioVersion = 10.0.40219.1
Project("{FAE04EC0-301F-11D3-BF4B-00C04F79EFBC}") = "MatterCadGui", "MatterCadGui.csproj", "{A20459AD-3006-402C-952C-F4A9D9969A87}"
	ProjectSection(ProjectDependencies) = postProject
		{657DBC6D-C3EA-4398-A3FA-DDB73C14F71B} = {657DBC6D-C3EA-4398-A3FA-DDB73C14F71B}
	EndProjectSection
EndProject
Project("{FAE04EC0-301F-11D3-BF4B-00C04F79EFBC}") = "AGG", "..\..\agg-sharp\agg\AGG.csproj", "{657DBC6D-C3EA-4398-A3FA-DDB73C14F71B}"
EndProject
Project("{FAE04EC0-301F-11D3-BF4B-00C04F79EFBC}") = "Tesselate", "..\..\agg-sharp\Tesselate\Tesselate.csproj", "{AE37DE1F-22F7-49EE-8732-FC6BC8DC58D9}"
EndProject
Project("{FAE04EC0-301F-11D3-BF4B-00C04F79EFBC}") = "PlatformWin32", "..\..\agg-sharp\PlatformWin32\PlatformWin32.csproj", "{670BDDFF-927B-425D-9DD1-22ACB14356EB}"
EndProject
Project("{FAE04EC0-301F-11D3-BF4B-00C04F79EFBC}") = "Csg", "..\..\agg-sharp\Csg\Csg.csproj", "{7E61A5BD-E78F-4B80-88C9-3821B4FA062E}"
EndProject
Project("{FAE04EC0-301F-11D3-BF4B-00C04F79EFBC}") = "VectorMath", "..\..\agg-sharp\VectorMath\VectorMath.csproj", "{D3E41B4E-BFBB-44CA-94C8-95C00F754FDD}"
EndProject
Project("{FAE04EC0-301F-11D3-BF4B-00C04F79EFBC}") = "PolygonMesh", "..\..\agg-sharp\PolygonMesh\PolygonMesh.csproj", "{86F6AAF2-9B50-40B8-A427-1897D76471C5}"
EndProject
Project("{FAE04EC0-301F-11D3-BF4B-00C04F79EFBC}") = "RenderOpenGl", "..\..\agg-sharp\RenderOpenGl\RenderOpenGl.csproj", "{545B6912-77FF-4B34-BA76-6C3D6A32BE6A}"
EndProject
Project("{FAE04EC0-301F-11D3-BF4B-00C04F79EFBC}") = "Gui", "..\..\agg-sharp\Gui\Gui.csproj", "{74F6BB6C-9D02-4512-A59A-21940E35C532}"
EndProject
Project("{FAE04EC0-301F-11D3-BF4B-00C04F79EFBC}") = "OpenGlGui", "..\..\agg-sharp\OpenGlGui\OpenGlGui.csproj", "{C958F745-156E-4BDC-A24A-3721C7BE7B8A}"
EndProject
Project("{FAE04EC0-301F-11D3-BF4B-00C04F79EFBC}") = "WindowsFileDialogs", "..\..\agg-sharp\WindowsFileDialogs\WindowsFileDialogs.csproj", "{A526DC5D-65F3-461B-805F-D3AC9665F5C9}"
EndProject
Project("{FAE04EC0-301F-11D3-BF4B-00C04F79EFBC}") = "PlatformAbstract", "..\..\agg-sharp\PlatformAbstract\PlatformAbstract.csproj", "{3E4AABA8-D85F-4922-88C6-5C1B2D2308FB}"
EndProject
Project("{FAE04EC0-301F-11D3-BF4B-00C04F79EFBC}") = "DataConverters2D", "..\..\agg-sharp\DataConverters2D\DataConverters2D.csproj", "{94838988-523C-4B11-AD82-8B9B76F23A31}"
EndProject
Project("{FAE04EC0-301F-11D3-BF4B-00C04F79EFBC}") = "clipper_library", "..\..\agg-sharp\clipper_library\clipper_library.csproj", "{9B062971-A88E-4A3D-B3C9-12B78D15FA66}"
EndProject
Project("{FAE04EC0-301F-11D3-BF4B-00C04F79EFBC}") = "GuiAutomation", "..\..\agg-sharp\GuiAutomation\GuiAutomation.csproj", "{E9102310-0029-4D8F-B1E9-88FBA6147D45}"
EndProject
Project("{FAE04EC0-301F-11D3-BF4B-00C04F79EFBC}") = "CameraCalibrationWidget", "..\..\agg-sharp\examples\CameraCalibrationWidget\CameraCalibrationWidget.csproj", "{9B00DF45-1810-4859-9277-F679C2709CFC}"
EndProject
Project("{2150E333-8FDC-42A3-9474-1A3956D46DE8}") = "examples", "examples", "{F432564E-E9BA-45F5-A4A0-5320633024BA}"
EndProject
Project("{FAE04EC0-301F-11D3-BF4B-00C04F79EFBC}") = "MatterCad", "..\MatterCadCommandLine\SoftPLATests\MatterCad.csproj", "{0B8D6F56-BD7F-4426-B858-D9292B084656}"
EndProject
Global
	GlobalSection(SolutionConfigurationPlatforms) = preSolution
		Debug|Any CPU = Debug|Any CPU
		Debug|x64 = Debug|x64
		Debug64|Any CPU = Debug64|Any CPU
		Debug64|x64 = Debug64|x64
		Release|Any CPU = Release|Any CPU
		Release|x64 = Release|x64
		Release64|Any CPU = Release64|Any CPU
		Release64|x64 = Release64|x64
	EndGlobalSection
	GlobalSection(ProjectConfigurationPlatforms) = postSolution
		{A20459AD-3006-402C-952C-F4A9D9969A87}.Debug|Any CPU.ActiveCfg = Debug|Any CPU
		{A20459AD-3006-402C-952C-F4A9D9969A87}.Debug|Any CPU.Build.0 = Debug|Any CPU
		{A20459AD-3006-402C-952C-F4A9D9969A87}.Debug|x64.ActiveCfg = Debug|Any CPU
		{A20459AD-3006-402C-952C-F4A9D9969A87}.Debug|x64.Build.0 = Debug|Any CPU
		{A20459AD-3006-402C-952C-F4A9D9969A87}.Debug64|Any CPU.ActiveCfg = Debug|Any CPU
		{A20459AD-3006-402C-952C-F4A9D9969A87}.Debug64|Any CPU.Build.0 = Debug|Any CPU
		{A20459AD-3006-402C-952C-F4A9D9969A87}.Debug64|x64.ActiveCfg = Debug|Any CPU
		{A20459AD-3006-402C-952C-F4A9D9969A87}.Debug64|x64.Build.0 = Debug|Any CPU
		{A20459AD-3006-402C-952C-F4A9D9969A87}.Release|Any CPU.ActiveCfg = Release|Any CPU
		{A20459AD-3006-402C-952C-F4A9D9969A87}.Release|Any CPU.Build.0 = Release|Any CPU
		{A20459AD-3006-402C-952C-F4A9D9969A87}.Release|x64.ActiveCfg = Release|Any CPU
		{A20459AD-3006-402C-952C-F4A9D9969A87}.Release|x64.Build.0 = Release|Any CPU
		{A20459AD-3006-402C-952C-F4A9D9969A87}.Release64|Any CPU.ActiveCfg = Release|Any CPU
		{A20459AD-3006-402C-952C-F4A9D9969A87}.Release64|Any CPU.Build.0 = Release|Any CPU
		{A20459AD-3006-402C-952C-F4A9D9969A87}.Release64|x64.ActiveCfg = Release|Any CPU
		{A20459AD-3006-402C-952C-F4A9D9969A87}.Release64|x64.Build.0 = Release|Any CPU
		{657DBC6D-C3EA-4398-A3FA-DDB73C14F71B}.Debug|Any CPU.ActiveCfg = Debug|Any CPU
		{657DBC6D-C3EA-4398-A3FA-DDB73C14F71B}.Debug|Any CPU.Build.0 = Debug|Any CPU
		{657DBC6D-C3EA-4398-A3FA-DDB73C14F71B}.Debug|x64.ActiveCfg = Debug|x64
		{657DBC6D-C3EA-4398-A3FA-DDB73C14F71B}.Debug|x64.Build.0 = Debug|x64
		{657DBC6D-C3EA-4398-A3FA-DDB73C14F71B}.Debug64|Any CPU.ActiveCfg = Debug64|Any CPU
		{657DBC6D-C3EA-4398-A3FA-DDB73C14F71B}.Debug64|Any CPU.Build.0 = Debug64|Any CPU
		{657DBC6D-C3EA-4398-A3FA-DDB73C14F71B}.Debug64|x64.ActiveCfg = Debug64|x64
		{657DBC6D-C3EA-4398-A3FA-DDB73C14F71B}.Debug64|x64.Build.0 = Debug64|x64
		{657DBC6D-C3EA-4398-A3FA-DDB73C14F71B}.Release|Any CPU.ActiveCfg = Release|Any CPU
		{657DBC6D-C3EA-4398-A3FA-DDB73C14F71B}.Release|Any CPU.Build.0 = Release|Any CPU
		{657DBC6D-C3EA-4398-A3FA-DDB73C14F71B}.Release|x64.ActiveCfg = Release|x64
		{657DBC6D-C3EA-4398-A3FA-DDB73C14F71B}.Release|x64.Build.0 = Release|x64
		{657DBC6D-C3EA-4398-A3FA-DDB73C14F71B}.Release64|Any CPU.ActiveCfg = Release|Any CPU
		{657DBC6D-C3EA-4398-A3FA-DDB73C14F71B}.Release64|Any CPU.Build.0 = Release|Any CPU
		{657DBC6D-C3EA-4398-A3FA-DDB73C14F71B}.Release64|x64.ActiveCfg = Release64|x64
		{657DBC6D-C3EA-4398-A3FA-DDB73C14F71B}.Release64|x64.Build.0 = Release64|x64
		{AE37DE1F-22F7-49EE-8732-FC6BC8DC58D9}.Debug|Any CPU.ActiveCfg = Debug|Any CPU
		{AE37DE1F-22F7-49EE-8732-FC6BC8DC58D9}.Debug|Any CPU.Build.0 = Debug|Any CPU
		{AE37DE1F-22F7-49EE-8732-FC6BC8DC58D9}.Debug|x64.ActiveCfg = Debug|x64
		{AE37DE1F-22F7-49EE-8732-FC6BC8DC58D9}.Debug|x64.Build.0 = Debug|x64
		{AE37DE1F-22F7-49EE-8732-FC6BC8DC58D9}.Debug64|Any CPU.ActiveCfg = Debug64|Any CPU
		{AE37DE1F-22F7-49EE-8732-FC6BC8DC58D9}.Debug64|Any CPU.Build.0 = Debug64|Any CPU
		{AE37DE1F-22F7-49EE-8732-FC6BC8DC58D9}.Debug64|x64.ActiveCfg = Debug64|x64
		{AE37DE1F-22F7-49EE-8732-FC6BC8DC58D9}.Debug64|x64.Build.0 = Debug64|x64
		{AE37DE1F-22F7-49EE-8732-FC6BC8DC58D9}.Release|Any CPU.ActiveCfg = Release|Any CPU
		{AE37DE1F-22F7-49EE-8732-FC6BC8DC58D9}.Release|Any CPU.Build.0 = Release|Any CPU
		{AE37DE1F-22F7-49EE-8732-FC6BC8DC58D9}.Release|x64.ActiveCfg = Release|x64
		{AE37DE1F-22F7-49EE-8732-FC6BC8DC58D9}.Release|x64.Build.0 = Release|x64
		{AE37DE1F-22F7-49EE-8732-FC6BC8DC58D9}.Release64|Any CPU.ActiveCfg = Release|Any CPU
		{AE37DE1F-22F7-49EE-8732-FC6BC8DC58D9}.Release64|Any CPU.Build.0 = Release|Any CPU
		{AE37DE1F-22F7-49EE-8732-FC6BC8DC58D9}.Release64|x64.ActiveCfg = Release64|x64
		{AE37DE1F-22F7-49EE-8732-FC6BC8DC58D9}.Release64|x64.Build.0 = Release64|x64
		{670BDDFF-927B-425D-9DD1-22ACB14356EB}.Debug|Any CPU.ActiveCfg = Debug|Any CPU
		{670BDDFF-927B-425D-9DD1-22ACB14356EB}.Debug|Any CPU.Build.0 = Debug|Any CPU
		{670BDDFF-927B-425D-9DD1-22ACB14356EB}.Debug|x64.ActiveCfg = Debug|x64
		{670BDDFF-927B-425D-9DD1-22ACB14356EB}.Debug|x64.Build.0 = Debug|x64
		{670BDDFF-927B-425D-9DD1-22ACB14356EB}.Debug64|Any CPU.ActiveCfg = Debug64|Any CPU
		{670BDDFF-927B-425D-9DD1-22ACB14356EB}.Debug64|Any CPU.Build.0 = Debug64|Any CPU
		{670BDDFF-927B-425D-9DD1-22ACB14356EB}.Debug64|x64.ActiveCfg = Debug64|x64
		{670BDDFF-927B-425D-9DD1-22ACB14356EB}.Debug64|x64.Build.0 = Debug64|x64
		{670BDDFF-927B-425D-9DD1-22ACB14356EB}.Release|Any CPU.ActiveCfg = Release|Any CPU
		{670BDDFF-927B-425D-9DD1-22ACB14356EB}.Release|Any CPU.Build.0 = Release|Any CPU
		{670BDDFF-927B-425D-9DD1-22ACB14356EB}.Release|x64.ActiveCfg = Release|x64
		{670BDDFF-927B-425D-9DD1-22ACB14356EB}.Release|x64.Build.0 = Release|x64
		{670BDDFF-927B-425D-9DD1-22ACB14356EB}.Release64|Any CPU.ActiveCfg = Release|Any CPU
		{670BDDFF-927B-425D-9DD1-22ACB14356EB}.Release64|Any CPU.Build.0 = Release|Any CPU
		{670BDDFF-927B-425D-9DD1-22ACB14356EB}.Release64|x64.ActiveCfg = Release64|x64
		{670BDDFF-927B-425D-9DD1-22ACB14356EB}.Release64|x64.Build.0 = Release64|x64
		{7E61A5BD-E78F-4B80-88C9-3821B4FA062E}.Debug|Any CPU.ActiveCfg = Debug|Any CPU
		{7E61A5BD-E78F-4B80-88C9-3821B4FA062E}.Debug|Any CPU.Build.0 = Debug|Any CPU
		{7E61A5BD-E78F-4B80-88C9-3821B4FA062E}.Debug|x64.ActiveCfg = Debug|x64
		{7E61A5BD-E78F-4B80-88C9-3821B4FA062E}.Debug|x64.Build.0 = Debug|x64
		{7E61A5BD-E78F-4B80-88C9-3821B4FA062E}.Debug64|Any CPU.ActiveCfg = Debug64|Any CPU
		{7E61A5BD-E78F-4B80-88C9-3821B4FA062E}.Debug64|Any CPU.Build.0 = Debug64|Any CPU
		{7E61A5BD-E78F-4B80-88C9-3821B4FA062E}.Debug64|x64.ActiveCfg = Debug64|x64
		{7E61A5BD-E78F-4B80-88C9-3821B4FA062E}.Debug64|x64.Build.0 = Debug64|x64
		{7E61A5BD-E78F-4B80-88C9-3821B4FA062E}.Release|Any CPU.ActiveCfg = Release|Any CPU
		{7E61A5BD-E78F-4B80-88C9-3821B4FA062E}.Release|Any CPU.Build.0 = Release|Any CPU
		{7E61A5BD-E78F-4B80-88C9-3821B4FA062E}.Release|x64.ActiveCfg = Release|x64
		{7E61A5BD-E78F-4B80-88C9-3821B4FA062E}.Release|x64.Build.0 = Release|x64
		{7E61A5BD-E78F-4B80-88C9-3821B4FA062E}.Release64|Any CPU.ActiveCfg = Release|Any CPU
		{7E61A5BD-E78F-4B80-88C9-3821B4FA062E}.Release64|Any CPU.Build.0 = Release|Any CPU
		{7E61A5BD-E78F-4B80-88C9-3821B4FA062E}.Release64|x64.ActiveCfg = Release64|x64
		{7E61A5BD-E78F-4B80-88C9-3821B4FA062E}.Release64|x64.Build.0 = Release64|x64
		{D3E41B4E-BFBB-44CA-94C8-95C00F754FDD}.Debug|Any CPU.ActiveCfg = Debug|Any CPU
		{D3E41B4E-BFBB-44CA-94C8-95C00F754FDD}.Debug|Any CPU.Build.0 = Debug|Any CPU
		{D3E41B4E-BFBB-44CA-94C8-95C00F754FDD}.Debug|x64.ActiveCfg = Debug|x64
		{D3E41B4E-BFBB-44CA-94C8-95C00F754FDD}.Debug|x64.Build.0 = Debug|x64
		{D3E41B4E-BFBB-44CA-94C8-95C00F754FDD}.Debug64|Any CPU.ActiveCfg = Debug64|Any CPU
		{D3E41B4E-BFBB-44CA-94C8-95C00F754FDD}.Debug64|Any CPU.Build.0 = Debug64|Any CPU
		{D3E41B4E-BFBB-44CA-94C8-95C00F754FDD}.Debug64|x64.ActiveCfg = Debug64|x64
		{D3E41B4E-BFBB-44CA-94C8-95C00F754FDD}.Debug64|x64.Build.0 = Debug64|x64
		{D3E41B4E-BFBB-44CA-94C8-95C00F754FDD}.Release|Any CPU.ActiveCfg = Release|Any CPU
		{D3E41B4E-BFBB-44CA-94C8-95C00F754FDD}.Release|Any CPU.Build.0 = Release|Any CPU
		{D3E41B4E-BFBB-44CA-94C8-95C00F754FDD}.Release|x64.ActiveCfg = Release|x64
		{D3E41B4E-BFBB-44CA-94C8-95C00F754FDD}.Release|x64.Build.0 = Release|x64
		{D3E41B4E-BFBB-44CA-94C8-95C00F754FDD}.Release64|Any CPU.ActiveCfg = Release|Any CPU
		{D3E41B4E-BFBB-44CA-94C8-95C00F754FDD}.Release64|Any CPU.Build.0 = Release|Any CPU
		{D3E41B4E-BFBB-44CA-94C8-95C00F754FDD}.Release64|x64.ActiveCfg = Release64|x64
		{D3E41B4E-BFBB-44CA-94C8-95C00F754FDD}.Release64|x64.Build.0 = Release64|x64
		{86F6AAF2-9B50-40B8-A427-1897D76471C5}.Debug|Any CPU.ActiveCfg = Debug|Any CPU
		{86F6AAF2-9B50-40B8-A427-1897D76471C5}.Debug|Any CPU.Build.0 = Debug|Any CPU
		{86F6AAF2-9B50-40B8-A427-1897D76471C5}.Debug|x64.ActiveCfg = Debug|x64
		{86F6AAF2-9B50-40B8-A427-1897D76471C5}.Debug|x64.Build.0 = Debug|x64
		{86F6AAF2-9B50-40B8-A427-1897D76471C5}.Debug64|Any CPU.ActiveCfg = Debug64|Any CPU
		{86F6AAF2-9B50-40B8-A427-1897D76471C5}.Debug64|Any CPU.Build.0 = Debug64|Any CPU
		{86F6AAF2-9B50-40B8-A427-1897D76471C5}.Debug64|x64.ActiveCfg = Debug64|x64
		{86F6AAF2-9B50-40B8-A427-1897D76471C5}.Debug64|x64.Build.0 = Debug64|x64
		{86F6AAF2-9B50-40B8-A427-1897D76471C5}.Release|Any CPU.ActiveCfg = Release|Any CPU
		{86F6AAF2-9B50-40B8-A427-1897D76471C5}.Release|Any CPU.Build.0 = Release|Any CPU
		{86F6AAF2-9B50-40B8-A427-1897D76471C5}.Release|x64.ActiveCfg = Release|x64
		{86F6AAF2-9B50-40B8-A427-1897D76471C5}.Release|x64.Build.0 = Release|x64
		{86F6AAF2-9B50-40B8-A427-1897D76471C5}.Release64|Any CPU.ActiveCfg = Release|Any CPU
		{86F6AAF2-9B50-40B8-A427-1897D76471C5}.Release64|Any CPU.Build.0 = Release|Any CPU
		{86F6AAF2-9B50-40B8-A427-1897D76471C5}.Release64|x64.ActiveCfg = Release64|x64
		{86F6AAF2-9B50-40B8-A427-1897D76471C5}.Release64|x64.Build.0 = Release64|x64
		{545B6912-77FF-4B34-BA76-6C3D6A32BE6A}.Debug|Any CPU.ActiveCfg = Debug|Any CPU
		{545B6912-77FF-4B34-BA76-6C3D6A32BE6A}.Debug|Any CPU.Build.0 = Debug|Any CPU
		{545B6912-77FF-4B34-BA76-6C3D6A32BE6A}.Debug|x64.ActiveCfg = Debug|x64
		{545B6912-77FF-4B34-BA76-6C3D6A32BE6A}.Debug|x64.Build.0 = Debug|x64
		{545B6912-77FF-4B34-BA76-6C3D6A32BE6A}.Debug64|Any CPU.ActiveCfg = Debug64|Any CPU
		{545B6912-77FF-4B34-BA76-6C3D6A32BE6A}.Debug64|Any CPU.Build.0 = Debug64|Any CPU
		{545B6912-77FF-4B34-BA76-6C3D6A32BE6A}.Debug64|x64.ActiveCfg = Debug64|x64
		{545B6912-77FF-4B34-BA76-6C3D6A32BE6A}.Debug64|x64.Build.0 = Debug64|x64
		{545B6912-77FF-4B34-BA76-6C3D6A32BE6A}.Release|Any CPU.ActiveCfg = Release|Any CPU
		{545B6912-77FF-4B34-BA76-6C3D6A32BE6A}.Release|Any CPU.Build.0 = Release|Any CPU
		{545B6912-77FF-4B34-BA76-6C3D6A32BE6A}.Release|x64.ActiveCfg = Release|x64
		{545B6912-77FF-4B34-BA76-6C3D6A32BE6A}.Release|x64.Build.0 = Release|x64
		{545B6912-77FF-4B34-BA76-6C3D6A32BE6A}.Release64|Any CPU.ActiveCfg = Release|Any CPU
		{545B6912-77FF-4B34-BA76-6C3D6A32BE6A}.Release64|Any CPU.Build.0 = Release|Any CPU
		{545B6912-77FF-4B34-BA76-6C3D6A32BE6A}.Release64|x64.ActiveCfg = Release64|x64
		{545B6912-77FF-4B34-BA76-6C3D6A32BE6A}.Release64|x64.Build.0 = Release64|x64
		{74F6BB6C-9D02-4512-A59A-21940E35C532}.Debug|Any CPU.ActiveCfg = Debug|Any CPU
		{74F6BB6C-9D02-4512-A59A-21940E35C532}.Debug|Any CPU.Build.0 = Debug|Any CPU
		{74F6BB6C-9D02-4512-A59A-21940E35C532}.Debug|x64.ActiveCfg = Debug|x64
		{74F6BB6C-9D02-4512-A59A-21940E35C532}.Debug|x64.Build.0 = Debug|x64
		{74F6BB6C-9D02-4512-A59A-21940E35C532}.Debug64|Any CPU.ActiveCfg = Debug64|Any CPU
		{74F6BB6C-9D02-4512-A59A-21940E35C532}.Debug64|Any CPU.Build.0 = Debug64|Any CPU
		{74F6BB6C-9D02-4512-A59A-21940E35C532}.Debug64|x64.ActiveCfg = Debug64|x64
		{74F6BB6C-9D02-4512-A59A-21940E35C532}.Debug64|x64.Build.0 = Debug64|x64
		{74F6BB6C-9D02-4512-A59A-21940E35C532}.Release|Any CPU.ActiveCfg = Release|Any CPU
		{74F6BB6C-9D02-4512-A59A-21940E35C532}.Release|Any CPU.Build.0 = Release|Any CPU
		{74F6BB6C-9D02-4512-A59A-21940E35C532}.Release|x64.ActiveCfg = Release|x64
		{74F6BB6C-9D02-4512-A59A-21940E35C532}.Release|x64.Build.0 = Release|x64
		{74F6BB6C-9D02-4512-A59A-21940E35C532}.Release64|Any CPU.ActiveCfg = Release|Any CPU
		{74F6BB6C-9D02-4512-A59A-21940E35C532}.Release64|Any CPU.Build.0 = Release|Any CPU
		{74F6BB6C-9D02-4512-A59A-21940E35C532}.Release64|x64.ActiveCfg = Release64|x64
		{74F6BB6C-9D02-4512-A59A-21940E35C532}.Release64|x64.Build.0 = Release64|x64
		{C958F745-156E-4BDC-A24A-3721C7BE7B8A}.Debug|Any CPU.ActiveCfg = Debug|Any CPU
		{C958F745-156E-4BDC-A24A-3721C7BE7B8A}.Debug|Any CPU.Build.0 = Debug|Any CPU
		{C958F745-156E-4BDC-A24A-3721C7BE7B8A}.Debug|x64.ActiveCfg = Debug|x64
		{C958F745-156E-4BDC-A24A-3721C7BE7B8A}.Debug|x64.Build.0 = Debug|x64
		{C958F745-156E-4BDC-A24A-3721C7BE7B8A}.Debug64|Any CPU.ActiveCfg = Debug64|Any CPU
		{C958F745-156E-4BDC-A24A-3721C7BE7B8A}.Debug64|Any CPU.Build.0 = Debug64|Any CPU
		{C958F745-156E-4BDC-A24A-3721C7BE7B8A}.Debug64|x64.ActiveCfg = Debug64|x64
		{C958F745-156E-4BDC-A24A-3721C7BE7B8A}.Debug64|x64.Build.0 = Debug64|x64
		{C958F745-156E-4BDC-A24A-3721C7BE7B8A}.Release|Any CPU.ActiveCfg = Release|Any CPU
		{C958F745-156E-4BDC-A24A-3721C7BE7B8A}.Release|Any CPU.Build.0 = Release|Any CPU
		{C958F745-156E-4BDC-A24A-3721C7BE7B8A}.Release|x64.ActiveCfg = Release|x64
		{C958F745-156E-4BDC-A24A-3721C7BE7B8A}.Release|x64.Build.0 = Release|x64
		{C958F745-156E-4BDC-A24A-3721C7BE7B8A}.Release64|Any CPU.ActiveCfg = Release|Any CPU
		{C958F745-156E-4BDC-A24A-3721C7BE7B8A}.Release64|Any CPU.Build.0 = Release|Any CPU
		{C958F745-156E-4BDC-A24A-3721C7BE7B8A}.Release64|x64.ActiveCfg = Release64|x64
		{C958F745-156E-4BDC-A24A-3721C7BE7B8A}.Release64|x64.Build.0 = Release64|x64
		{A526DC5D-65F3-461B-805F-D3AC9665F5C9}.Debug|Any CPU.ActiveCfg = Debug|Any CPU
		{A526DC5D-65F3-461B-805F-D3AC9665F5C9}.Debug|Any CPU.Build.0 = Debug|Any CPU
		{A526DC5D-65F3-461B-805F-D3AC9665F5C9}.Debug|x64.ActiveCfg = Debug|x64
		{A526DC5D-65F3-461B-805F-D3AC9665F5C9}.Debug|x64.Build.0 = Debug|x64
		{A526DC5D-65F3-461B-805F-D3AC9665F5C9}.Debug64|Any CPU.ActiveCfg = Debug64|Any CPU
		{A526DC5D-65F3-461B-805F-D3AC9665F5C9}.Debug64|Any CPU.Build.0 = Debug64|Any CPU
		{A526DC5D-65F3-461B-805F-D3AC9665F5C9}.Debug64|x64.ActiveCfg = Debug64|x64
		{A526DC5D-65F3-461B-805F-D3AC9665F5C9}.Debug64|x64.Build.0 = Debug64|x64
		{A526DC5D-65F3-461B-805F-D3AC9665F5C9}.Release|Any CPU.ActiveCfg = Release|Any CPU
		{A526DC5D-65F3-461B-805F-D3AC9665F5C9}.Release|Any CPU.Build.0 = Release|Any CPU
		{A526DC5D-65F3-461B-805F-D3AC9665F5C9}.Release|x64.ActiveCfg = Release|x64
		{A526DC5D-65F3-461B-805F-D3AC9665F5C9}.Release|x64.Build.0 = Release|x64
		{A526DC5D-65F3-461B-805F-D3AC9665F5C9}.Release64|Any CPU.ActiveCfg = Release|Any CPU
		{A526DC5D-65F3-461B-805F-D3AC9665F5C9}.Release64|Any CPU.Build.0 = Release|Any CPU
		{A526DC5D-65F3-461B-805F-D3AC9665F5C9}.Release64|x64.ActiveCfg = Release64|x64
		{A526DC5D-65F3-461B-805F-D3AC9665F5C9}.Release64|x64.Build.0 = Release64|x64
		{3E4AABA8-D85F-4922-88C6-5C1B2D2308FB}.Debug|Any CPU.ActiveCfg = Debug|Any CPU
		{3E4AABA8-D85F-4922-88C6-5C1B2D2308FB}.Debug|Any CPU.Build.0 = Debug|Any CPU
		{3E4AABA8-D85F-4922-88C6-5C1B2D2308FB}.Debug|x64.ActiveCfg = Debug|x64
		{3E4AABA8-D85F-4922-88C6-5C1B2D2308FB}.Debug|x64.Build.0 = Debug|x64
		{3E4AABA8-D85F-4922-88C6-5C1B2D2308FB}.Debug64|Any CPU.ActiveCfg = Debug64|Any CPU
		{3E4AABA8-D85F-4922-88C6-5C1B2D2308FB}.Debug64|Any CPU.Build.0 = Debug64|Any CPU
		{3E4AABA8-D85F-4922-88C6-5C1B2D2308FB}.Debug64|x64.ActiveCfg = Debug64|x64
		{3E4AABA8-D85F-4922-88C6-5C1B2D2308FB}.Debug64|x64.Build.0 = Debug64|x64
		{3E4AABA8-D85F-4922-88C6-5C1B2D2308FB}.Release|Any CPU.ActiveCfg = Release|Any CPU
		{3E4AABA8-D85F-4922-88C6-5C1B2D2308FB}.Release|Any CPU.Build.0 = Release|Any CPU
		{3E4AABA8-D85F-4922-88C6-5C1B2D2308FB}.Release|x64.ActiveCfg = Release|x64
		{3E4AABA8-D85F-4922-88C6-5C1B2D2308FB}.Release|x64.Build.0 = Release|x64
		{3E4AABA8-D85F-4922-88C6-5C1B2D2308FB}.Release64|Any CPU.ActiveCfg = Release64|Any CPU
		{3E4AABA8-D85F-4922-88C6-5C1B2D2308FB}.Release64|Any CPU.Build.0 = Release64|Any CPU
		{3E4AABA8-D85F-4922-88C6-5C1B2D2308FB}.Release64|x64.ActiveCfg = Release64|x64
		{3E4AABA8-D85F-4922-88C6-5C1B2D2308FB}.Release64|x64.Build.0 = Release64|x64
		{94838988-523C-4B11-AD82-8B9B76F23A31}.Debug|Any CPU.ActiveCfg = Debug|Any CPU
		{94838988-523C-4B11-AD82-8B9B76F23A31}.Debug|Any CPU.Build.0 = Debug|Any CPU
		{94838988-523C-4B11-AD82-8B9B76F23A31}.Debug|x64.ActiveCfg = Debug|x64
		{94838988-523C-4B11-AD82-8B9B76F23A31}.Debug|x64.Build.0 = Debug|x64
		{94838988-523C-4B11-AD82-8B9B76F23A31}.Debug64|Any CPU.ActiveCfg = Debug64|Any CPU
		{94838988-523C-4B11-AD82-8B9B76F23A31}.Debug64|Any CPU.Build.0 = Debug64|Any CPU
		{94838988-523C-4B11-AD82-8B9B76F23A31}.Debug64|x64.ActiveCfg = Debug64|x64
		{94838988-523C-4B11-AD82-8B9B76F23A31}.Debug64|x64.Build.0 = Debug64|x64
		{94838988-523C-4B11-AD82-8B9B76F23A31}.Release|Any CPU.ActiveCfg = Release|Any CPU
		{94838988-523C-4B11-AD82-8B9B76F23A31}.Release|Any CPU.Build.0 = Release|Any CPU
		{94838988-523C-4B11-AD82-8B9B76F23A31}.Release|x64.ActiveCfg = Release|x64
		{94838988-523C-4B11-AD82-8B9B76F23A31}.Release|x64.Build.0 = Release|x64
		{94838988-523C-4B11-AD82-8B9B76F23A31}.Release64|Any CPU.ActiveCfg = Release64|Any CPU
		{94838988-523C-4B11-AD82-8B9B76F23A31}.Release64|Any CPU.Build.0 = Release64|Any CPU
		{94838988-523C-4B11-AD82-8B9B76F23A31}.Release64|x64.ActiveCfg = Release64|x64
		{94838988-523C-4B11-AD82-8B9B76F23A31}.Release64|x64.Build.0 = Release64|x64
		{9B062971-A88E-4A3D-B3C9-12B78D15FA66}.Debug|Any CPU.ActiveCfg = Debug|Any CPU
		{9B062971-A88E-4A3D-B3C9-12B78D15FA66}.Debug|Any CPU.Build.0 = Debug|Any CPU
		{9B062971-A88E-4A3D-B3C9-12B78D15FA66}.Debug|x64.ActiveCfg = Debug|x64
		{9B062971-A88E-4A3D-B3C9-12B78D15FA66}.Debug|x64.Build.0 = Debug|x64
		{9B062971-A88E-4A3D-B3C9-12B78D15FA66}.Debug64|Any CPU.ActiveCfg = Debug64|Any CPU
		{9B062971-A88E-4A3D-B3C9-12B78D15FA66}.Debug64|Any CPU.Build.0 = Debug64|Any CPU
		{9B062971-A88E-4A3D-B3C9-12B78D15FA66}.Debug64|x64.ActiveCfg = Debug64|x64
		{9B062971-A88E-4A3D-B3C9-12B78D15FA66}.Debug64|x64.Build.0 = Debug64|x64
		{9B062971-A88E-4A3D-B3C9-12B78D15FA66}.Release|Any CPU.ActiveCfg = Release|Any CPU
		{9B062971-A88E-4A3D-B3C9-12B78D15FA66}.Release|Any CPU.Build.0 = Release|Any CPU
		{9B062971-A88E-4A3D-B3C9-12B78D15FA66}.Release|x64.ActiveCfg = Release|x64
		{9B062971-A88E-4A3D-B3C9-12B78D15FA66}.Release|x64.Build.0 = Release|x64
		{9B062971-A88E-4A3D-B3C9-12B78D15FA66}.Release64|Any CPU.ActiveCfg = Release64|Any CPU
		{9B062971-A88E-4A3D-B3C9-12B78D15FA66}.Release64|Any CPU.Build.0 = Release64|Any CPU
		{9B062971-A88E-4A3D-B3C9-12B78D15FA66}.Release64|x64.ActiveCfg = Release64|x64
		{9B062971-A88E-4A3D-B3C9-12B78D15FA66}.Release64|x64.Build.0 = Release64|x64
		{E9102310-0029-4D8F-B1E9-88FBA6147D45}.Debug|Any CPU.ActiveCfg = Debug|Any CPU
		{E9102310-0029-4D8F-B1E9-88FBA6147D45}.Debug|Any CPU.Build.0 = Debug|Any CPU
		{E9102310-0029-4D8F-B1E9-88FBA6147D45}.Debug|x64.ActiveCfg = Debug|x64
		{E9102310-0029-4D8F-B1E9-88FBA6147D45}.Debug|x64.Build.0 = Debug|x64
		{E9102310-0029-4D8F-B1E9-88FBA6147D45}.Debug64|Any CPU.ActiveCfg = Debug64|Any CPU
		{E9102310-0029-4D8F-B1E9-88FBA6147D45}.Debug64|Any CPU.Build.0 = Debug64|Any CPU
		{E9102310-0029-4D8F-B1E9-88FBA6147D45}.Debug64|x64.ActiveCfg = Debug64|x64
		{E9102310-0029-4D8F-B1E9-88FBA6147D45}.Debug64|x64.Build.0 = Debug64|x64
		{E9102310-0029-4D8F-B1E9-88FBA6147D45}.Release|Any CPU.ActiveCfg = Release|Any CPU
		{E9102310-0029-4D8F-B1E9-88FBA6147D45}.Release|Any CPU.Build.0 = Release|Any CPU
		{E9102310-0029-4D8F-B1E9-88FBA6147D45}.Release|x64.ActiveCfg = Release|x64
		{E9102310-0029-4D8F-B1E9-88FBA6147D45}.Release|x64.Build.0 = Release|x64
		{E9102310-0029-4D8F-B1E9-88FBA6147D45}.Release64|Any CPU.ActiveCfg = Release64|Any CPU
		{E9102310-0029-4D8F-B1E9-88FBA6147D45}.Release64|Any CPU.Build.0 = Release64|Any CPU
		{E9102310-0029-4D8F-B1E9-88FBA6147D45}.Release64|x64.ActiveCfg = Release64|x64
		{E9102310-0029-4D8F-B1E9-88FBA6147D45}.Release64|x64.Build.0 = Release64|x64
		{9B00DF45-1810-4859-9277-F679C2709CFC}.Debug|Any CPU.ActiveCfg = Debug|Any CPU
		{9B00DF45-1810-4859-9277-F679C2709CFC}.Debug|Any CPU.Build.0 = Debug|Any CPU
		{9B00DF45-1810-4859-9277-F679C2709CFC}.Debug|x64.ActiveCfg = Debug|Any CPU
		{9B00DF45-1810-4859-9277-F679C2709CFC}.Debug|x64.Build.0 = Debug|Any CPU
		{9B00DF45-1810-4859-9277-F679C2709CFC}.Debug64|Any CPU.ActiveCfg = Debug|Any CPU
		{9B00DF45-1810-4859-9277-F679C2709CFC}.Debug64|Any CPU.Build.0 = Debug|Any CPU
		{9B00DF45-1810-4859-9277-F679C2709CFC}.Debug64|x64.ActiveCfg = Debug|Any CPU
		{9B00DF45-1810-4859-9277-F679C2709CFC}.Debug64|x64.Build.0 = Debug|Any CPU
		{9B00DF45-1810-4859-9277-F679C2709CFC}.Release|Any CPU.ActiveCfg = Release|Any CPU
		{9B00DF45-1810-4859-9277-F679C2709CFC}.Release|Any CPU.Build.0 = Release|Any CPU
		{9B00DF45-1810-4859-9277-F679C2709CFC}.Release|x64.ActiveCfg = Release|Any CPU
		{9B00DF45-1810-4859-9277-F679C2709CFC}.Release|x64.Build.0 = Release|Any CPU
		{9B00DF45-1810-4859-9277-F679C2709CFC}.Release64|Any CPU.ActiveCfg = Release|Any CPU
		{9B00DF45-1810-4859-9277-F679C2709CFC}.Release64|Any CPU.Build.0 = Release|Any CPU
		{9B00DF45-1810-4859-9277-F679C2709CFC}.Release64|x64.ActiveCfg = Release|Any CPU
		{9B00DF45-1810-4859-9277-F679C2709CFC}.Release64|x64.Build.0 = Release|Any CPU
		{0B8D6F56-BD7F-4426-B858-D9292B084656}.Debug|Any CPU.ActiveCfg = Debug|Any CPU
		{0B8D6F56-BD7F-4426-B858-D9292B084656}.Debug|Any CPU.Build.0 = Debug|Any CPU
		{0B8D6F56-BD7F-4426-B858-D9292B084656}.Debug|x64.ActiveCfg = Debug|Any CPU
		{0B8D6F56-BD7F-4426-B858-D9292B084656}.Debug|x64.Build.0 = Debug|Any CPU
		{0B8D6F56-BD7F-4426-B858-D9292B084656}.Debug64|Any CPU.ActiveCfg = Debug|Any CPU
		{0B8D6F56-BD7F-4426-B858-D9292B084656}.Debug64|Any CPU.Build.0 = Debug|Any CPU
		{0B8D6F56-BD7F-4426-B858-D9292B084656}.Debug64|x64.ActiveCfg = Debug|Any CPU
		{0B8D6F56-BD7F-4426-B858-D9292B084656}.Debug64|x64.Build.0 = Debug|Any CPU
		{0B8D6F56-BD7F-4426-B858-D9292B084656}.Release|Any CPU.ActiveCfg = Release|Any CPU
		{0B8D6F56-BD7F-4426-B858-D9292B084656}.Release|Any CPU.Build.0 = Release|Any CPU
		{0B8D6F56-BD7F-4426-B858-D9292B084656}.Release|x64.ActiveCfg = Release|Any CPU
		{0B8D6F56-BD7F-4426-B858-D9292B084656}.Release|x64.Build.0 = Release|Any CPU
		{0B8D6F56-BD7F-4426-B858-D9292B084656}.Release64|Any CPU.ActiveCfg = Release|Any CPU
		{0B8D6F56-BD7F-4426-B858-D9292B084656}.Release64|Any CPU.Build.0 = Release|Any CPU
		{0B8D6F56-BD7F-4426-B858-D9292B084656}.Release64|x64.ActiveCfg = Release|Any CPU
		{0B8D6F56-BD7F-4426-B858-D9292B084656}.Release64|x64.Build.0 = Release|Any CPU
	EndGlobalSection
	GlobalSection(SolutionProperties) = preSolution
		HideSolutionNode = FALSE
	EndGlobalSection
	GlobalSection(NestedProjects) = preSolution
		{0B8D6F56-BD7F-4426-B858-D9292B084656} = {F432564E-E9BA-45F5-A4A0-5320633024BA}
	EndGlobalSection
	GlobalSection(MonoDevelopProperties) = preSolution
		StartupItem = MatterCADGui.csproj
	EndGlobalSection
EndGlobal
